// !$*UTF8*$!
{
	archiveVersion = 1;
	classes = {
	};
	objectVersion = 46;
	objects = {

/* Begin PBXBuildFile section */
		A3AB2F33167088F100A10A44 /* UIKit.framework in Frameworks */ = {isa = PBXBuildFile; fileRef = A3AB2F32167088F100A10A44 /* UIKit.framework */; };
		A3AB2F35167088F100A10A44 /* Foundation.framework in Frameworks */ = {isa = PBXBuildFile; fileRef = A3AB2F34167088F100A10A44 /* Foundation.framework */; };
		A3AB2F37167088F100A10A44 /* CoreGraphics.framework in Frameworks */ = {isa = PBXBuildFile; fileRef = A3AB2F36167088F100A10A44 /* CoreGraphics.framework */; };
		A3AB2F3D167088F100A10A44 /* InfoPlist.strings in Resources */ = {isa = PBXBuildFile; fileRef = A3AB2F3B167088F100A10A44 /* InfoPlist.strings */; };
		A3AB2F3F167088F100A10A44 /* main.m in Sources */ = {isa = PBXBuildFile; fileRef = A3AB2F3E167088F100A10A44 /* main.m */; };
		A3AB2F43167088F100A10A44 /* AppDelegate.m in Sources */ = {isa = PBXBuildFile; fileRef = A3AB2F42167088F100A10A44 /* AppDelegate.m */; };
		A3AB2F46167088F100A10A44 /* MainStoryboard.storyboard in Resources */ = {isa = PBXBuildFile; fileRef = A3AB2F44167088F100A10A44 /* MainStoryboard.storyboard */; };
		A3AB2F49167088F100A10A44 /* ViewController.m in Sources */ = {isa = PBXBuildFile; fileRef = A3AB2F48167088F100A10A44 /* ViewController.m */; };
		A3AB2F511670894300A10A44 /* WebViewController.m in Sources */ = {isa = PBXBuildFile; fileRef = A3AB2F501670894300A10A44 /* WebViewController.m */; };
/* End PBXBuildFile section */

/* Begin PBXFileReference section */
		A3AB2F2E167088F100A10A44 /* SwitchViews.app */ = {isa = PBXFileReference; explicitFileType = wrapper.application; includeInIndex = 0; path = SwitchViews.app; sourceTree = BUILT_PRODUCTS_DIR; };
		A3AB2F32167088F100A10A44 /* UIKit.framework */ = {isa = PBXFileReference; lastKnownFileType = wrapper.framework; name = UIKit.framework; path = System/Library/Frameworks/UIKit.framework; sourceTree = SDKROOT; };
		A3AB2F34167088F100A10A44 /* Foundation.framework */ = {isa = PBXFileReference; lastKnownFileType = wrapper.framework; name = Foundation.framework; path = System/Library/Frameworks/Foundation.framework; sourceTree = SDKROOT; };
		A3AB2F36167088F100A10A44 /* CoreGraphics.framework */ = {isa = PBXFileReference; lastKnownFileType = wrapper.framework; name = CoreGraphics.framework; path = System/Library/Frameworks/CoreGraphics.framework; sourceTree = SDKROOT; };
		A3AB2F3A167088F100A10A44 /* SwitchViews-Info.plist */ = {isa = PBXFileReference; lastKnownFileType = text.plist.xml; path = "SwitchViews-Info.plist"; sourceTree = "<group>"; };
		A3AB2F3C167088F100A10A44 /* en */ = {isa = PBXFileReference; lastKnownFileType = text.plist.strings; name = en; path = en.lproj/InfoPlist.strings; sourceTree = "<group>"; };
		A3AB2F3E167088F100A10A44 /* main.m */ = {isa = PBXFileReference; lastKnownFileType = sourcecode.c.objc; path = main.m; sourceTree = "<group>"; };
		A3AB2F40167088F100A10A44 /* SwitchViews-Prefix.pch */ = {isa = PBXFileReference; lastKnownFileType = sourcecode.c.h; path = "SwitchViews-Prefix.pch"; sourceTree = "<group>"; };
		A3AB2F41167088F100A10A44 /* AppDelegate.h */ = {isa = PBXFileReference; lastKnownFileType = sourcecode.c.h; path = AppDelegate.h; sourceTree = "<group>"; };
		A3AB2F42167088F100A10A44 /* AppDelegate.m */ = {isa = PBXFileReference; lastKnownFileType = sourcecode.c.objc; path = AppDelegate.m; sourceTree = "<group>"; };
		A3AB2F45167088F100A10A44 /* en */ = {isa = PBXFileReference; lastKnownFileType = file.storyboard; name = en; path = en.lproj/MainStoryboard.storyboard; sourceTree = "<group>"; };
		A3AB2F47167088F100A10A44 /* ViewController.h */ = {isa = PBXFileReference; lastKnownFileType = sourcecode.c.h; path = ViewController.h; sourceTree = "<group>"; };
		A3AB2F48167088F100A10A44 /* ViewController.m */ = {isa = PBXFileReference; lastKnownFileType = sourcecode.c.objc; path = ViewController.m; sourceTree = "<group>"; };
		A3AB2F4F1670894300A10A44 /* WebViewController.h */ = {isa = PBXFileReference; fileEncoding = 4; lastKnownFileType = sourcecode.c.h; path = WebViewController.h; sourceTree = "<group>"; };
		A3AB2F501670894300A10A44 /* WebViewController.m */ = {isa = PBXFileReference; fileEncoding = 4; lastKnownFileType = sourcecode.c.objc; path = WebViewController.m; sourceTree = "<group>"; };
/* End PBXFileReference section */

/* Begin PBXFrameworksBuildPhase section */
		A3AB2F2B167088F100A10A44 /* Frameworks */ = {
			isa = PBXFrameworksBuildPhase;
			buildActionMask = 2147483647;
			files = (
				A3AB2F33167088F100A10A44 /* UIKit.framework in Frameworks */,
				A3AB2F35167088F100A10A44 /* Foundation.framework in Frameworks */,
				A3AB2F37167088F100A10A44 /* CoreGraphics.framework in Frameworks */,
			);
			runOnlyForDeploymentPostprocessing = 0;
		};
/* End PBXFrameworksBuildPhase section */

/* Begin PBXGroup section */
		A3AB2F23167088F100A10A44 = {
			isa = PBXGroup;
			children = (
				A3AB2F38167088F100A10A44 /* SwitchViews */,
				A3AB2F31167088F100A10A44 /* Frameworks */,
				A3AB2F2F167088F100A10A44 /* Products */,
			);
			sourceTree = "<group>";
		};
		A3AB2F2F167088F100A10A44 /* Products */ = {
			isa = PBXGroup;
			children = (
				A3AB2F2E167088F100A10A44 /* SwitchViews.app */,
			);
			name = Products;
			sourceTree = "<group>";
		};
		A3AB2F31167088F100A10A44 /* Frameworks */ = {
			isa = PBXGroup;
			children = (
				A3AB2F32167088F100A10A44 /* UIKit.framework */,
				A3AB2F34167088F100A10A44 /* Foundation.framework */,
				A3AB2F36167088F100A10A44 /* CoreGraphics.framework */,
			);
			name = Frameworks;
			sourceTree = "<group>";
		};
		A3AB2F38167088F100A10A44 /* SwitchViews */ = {
			isa = PBXGroup;
			children = (
				A3AB2F41167088F100A10A44 /* AppDelegate.h */,
				A3AB2F42167088F100A10A44 /* AppDelegate.m */,
				A3AB2F44167088F100A10A44 /* MainStoryboard.storyboard */,
				A3AB2F47167088F100A10A44 /* ViewController.h */,
				A3AB2F48167088F100A10A44 /* ViewController.m */,
				A3AB2F39167088F100A10A44 /* Supporting Files */,
				A3AB2F4F1670894300A10A44 /* WebViewController.h */,
				A3AB2F501670894300A10A44 /* WebViewController.m */,
			);
			path = SwitchViews;
			sourceTree = "<group>";
		};
		A3AB2F39167088F100A10A44 /* Supporting Files */ = {
			isa = PBXGroup;
			children = (
				A3AB2F3A167088F100A10A44 /* SwitchViews-Info.plist */,
				A3AB2F3B167088F100A10A44 /* InfoPlist.strings */,
				A3AB2F3E167088F100A10A44 /* main.m */,
				A3AB2F40167088F100A10A44 /* SwitchViews-Prefix.pch */,
			);
			name = "Supporting Files";
			sourceTree = "<group>";
		};
/* End PBXGroup section */

/* Begin PBXNativeTarget section */
		A3AB2F2D167088F100A10A44 /* SwitchViews */ = {
			isa = PBXNativeTarget;
			buildConfigurationList = A3AB2F4C167088F100A10A44 /* Build configuration list for PBXNativeTarget "SwitchViews" */;
			buildPhases = (
				A3AB2F2A167088F100A10A44 /* Sources */,
				A3AB2F2B167088F100A10A44 /* Frameworks */,
				A3AB2F2C167088F100A10A44 /* Resources */,
			);
			buildRules = (
			);
			dependencies = (
			);
			name = SwitchViews;
			productName = SwitchViews;
			productReference = A3AB2F2E167088F100A10A44 /* SwitchViews.app */;
			productType = "com.apple.product-type.application";
		};
/* End PBXNativeTarget section */

/* Begin PBXProject section */
		A3AB2F25167088F100A10A44 /* Project object */ = {
			isa = PBXProject;
			attributes = {
				LastUpgradeCheck = 0420;
			};
			buildConfigurationList = A3AB2F28167088F100A10A44 /* Build configuration list for PBXProject "SwitchViews" */;
			compatibilityVersion = "Xcode 3.2";
			developmentRegion = English;
			hasScannedForEncodings = 0;
			knownRegions = (
				en,
			);
			mainGroup = A3AB2F23167088F100A10A44;
			productRefGroup = A3AB2F2F167088F100A10A44 /* Products */;
			projectDirPath = "";
			projectRoot = "";
			targets = (
				A3AB2F2D167088F100A10A44 /* SwitchViews */,
			);
		};
/* End PBXProject section */

/* Begin PBXResourcesBuildPhase section */
		A3AB2F2C167088F100A10A44 /* Resources */ = {
			isa = PBXResourcesBuildPhase;
			buildActionMask = 2147483647;
			files = (
				A3AB2F3D167088F100A10A44 /* InfoPlist.strings in Resources */,
				A3AB2F46167088F100A10A44 /* MainStoryboard.storyboard in Resources */,
			);
			runOnlyForDeploymentPostprocessing = 0;
		};
/* End PBXResourcesBuildPhase section */

/* Begin PBXSourcesBuildPhase section */
		A3AB2F2A167088F100A10A44 /* Sources */ = {
			isa = PBXSourcesBuildPhase;
			buildActionMask = 2147483647;
			files = (
				A3AB2F3F167088F100A10A44 /* main.m in Sources */,
				A3AB2F43167088F100A10A44 /* AppDelegate.m in Sources */,
				A3AB2F49167088F100A10A44 /* ViewController.m in Sources */,
				A3AB2F511670894300A10A44 /* WebViewController.m in Sources */,
			);
			runOnlyForDeploymentPostprocessing = 0;
		};
/* End PBXSourcesBuildPhase section */

/* Begin PBXVariantGroup section */
		A3AB2F3B167088F100A10A44 /* InfoPlist.strings */ = {
			isa = PBXVariantGroup;
			children = (
				A3AB2F3C167088F100A10A44 /* en */,
			);
			name = InfoPlist.strings;
			sourceTree = "<group>";
		};
		A3AB2F44167088F100A10A44 /* MainStoryboard.storyboard */ = {
			isa = PBXVariantGroup;
			children = (
				A3AB2F45167088F100A10A44 /* en */,
			);
			name = MainStoryboard.storyboard;
			sourceTree = "<group>";
		};
/* End PBXVariantGroup section */

/* Begin XCBuildConfiguration section */
		A3AB2F4A167088F100A10A44 /* Debug */ = {
			isa = XCBuildConfiguration;
			buildSettings = {
				ALWAYS_SEARCH_USER_PATHS = NO;
				ARCHS = "$(ARCHS_STANDARD_32_BIT)";
				CLANG_ENABLE_OBJC_ARC = YES;
				"CODE_SIGN_IDENTITY[sdk=iphoneos*]" = "iPhone Developer";
				COPY_PHASE_STRIP = NO;
				GCC_C_LANGUAGE_STANDARD = gnu99;
				GCC_DYNAMIC_NO_PIC = NO;
				GCC_OPTIMIZATION_LEVEL = 0;
				GCC_PREPROCESSOR_DEFINITIONS = (
					"DEBUG=1",
					"$(inherited)",
				);
				GCC_SYMBOLS_PRIVATE_EXTERN = NO;
				GCC_VERSION = com.apple.compilers.llvm.clang.1_0;
				GCC_WARN_ABOUT_MISSING_PROTOTYPES = YES;
				GCC_WARN_ABOUT_RETURN_TYPE = YES;
				GCC_WARN_UNUSED_VARIABLE = YES;
				IPHONEOS_DEPLOYMENT_TARGET = 5.0;
				SDKROOT = iphoneos;
			};
			name = Debug;
		};
		A3AB2F4B167088F100A10A44 /* Release */ = {
			isa = XCBuildConfiguration;
			buildSettings = {
				ALWAYS_SEARCH_USER_PATHS = NO;
				ARCHS = "$(ARCHS_STANDARD_32_BIT)";
				CLANG_ENABLE_OBJC_ARC = YES;
				"CODE_SIGN_IDENTITY[sdk=iphoneos*]" = "iPhone Developer";
				COPY_PHASE_STRIP = YES;
				GCC_C_LANGUAGE_STANDARD = gnu99;
				GCC_VERSION = com.apple.compilers.llvm.clang.1_0;
				GCC_WARN_ABOUT_MISSING_PROTOTYPES = YES;
				GCC_WARN_ABOUT_RETURN_TYPE = YES;
				GCC_WARN_UNUSED_VARIABLE = YES;
				IPHONEOS_DEPLOYMENT_TARGET = 5.0;
				OTHER_CFLAGS = "-DNS_BLOCK_ASSERTIONS=1";
				SDKROOT = iphoneos;
				VALIDATE_PRODUCT = YES;
			};
			name = Release;
		};
		A3AB2F4D167088F100A10A44 /* Debug */ = {
			isa = XCBuildConfiguration;
			buildSettings = {
				GCC_PRECOMPILE_PREFIX_HEADER = YES;
				GCC_PREFIX_HEADER = "SwitchViews/SwitchViews-Prefix.pch";
				INFOPLIST_FILE = "SwitchViews/SwitchViews-Info.plist";
				PRODUCT_NAME = "$(TARGET_NAME)";
				WRAPPER_EXTENSION = app;
			};
			name = Debug;
		};
		A3AB2F4E167088F100A10A44 /* Release */ = {
			isa = XCBuildConfiguration;
			buildSettings = {
				GCC_PRECOMPILE_PREFIX_HEADER = YES;
				GCC_PREFIX_HEADER = "SwitchViews/SwitchViews-Prefix.pch";
				INFOPLIST_FILE = "SwitchViews/SwitchViews-Info.plist";
				PRODUCT_NAME = "$(TARGET_NAME)";
				WRAPPER_EXTENSION = app;
			};
			name = Release;
		};
/* End XCBuildConfiguration section */

/* Begin XCConfigurationList section */
		A3AB2F28167088F100A10A44 /* Build configuration list for PBXProject "SwitchViews" */ = {
			isa = XCConfigurationList;
			buildConfigurations = (
				A3AB2F4A167088F100A10A44 /* Debug */,
				A3AB2F4B167088F100A10A44 /* Release */,
			);
			defaultConfigurationIsVisible = 0;
			defaultConfigurationName = Release;
		};
		A3AB2F4C167088F100A10A44 /* Build configuration list for PBXNativeTarget "SwitchViews" */ = {
			isa = XCConfigurationList;
			buildConfigurations = (
				A3AB2F4D167088F100A10A44 /* Debug */,
				A3AB2F4E167088F100A10A44 /* Release */,
			);
			defaultConfigurationIsVisible = 0;
		};
/* End XCConfigurationList section */
	};
	rootObject = A3AB2F25167088F100A10A44 /* Project object */;
}
